
Microsoft Visual Studio Solution File, Format Version 12.00
# Visual Studio 15
VisualStudioVersion = 15.0.26730.12
MinimumVisualStudioVersion = 10.0.40219.1
Project("{9A19103F-16F7-4668-BE54-9A1E7A4F7556}") = "RoomScheduler", "RoomScheduler\RoomScheduler.csproj", "{0F1CAB97-EA8E-4A05-8406-542574AAEFEA}"
EndProject
Project("{9A19103F-16F7-4668-BE54-9A1E7A4F7556}") = "RSService", "RSService\RSService.csproj", "{A3A8519C-0021-4047-9583-7E9252AF2976}"
EndProject
Project("{9A19103F-16F7-4668-BE54-9A1E7A4F7556}") = "RSData", "RSData\RSData.csproj", "{2EF59E31-23A7-4C90-8121-F6B933753DE8}"
EndProject
Global
	GlobalSection(SolutionConfigurationPlatforms) = preSolution
		Debug|Any CPU = Debug|Any CPU
		Release|Any CPU = Release|Any CPU
	EndGlobalSection
	GlobalSection(ProjectConfigurationPlatforms) = postSolution
		{0F1CAB97-EA8E-4A05-8406-542574AAEFEA}.Debug|Any CPU.ActiveCfg = Debug|Any CPU
		{0F1CAB97-EA8E-4A05-8406-542574AAEFEA}.Debug|Any CPU.Build.0 = Debug|Any CPU
		{0F1CAB97-EA8E-4A05-8406-542574AAEFEA}.Release|Any CPU.ActiveCfg = Release|Any CPU
		{0F1CAB97-EA8E-4A05-8406-542574AAEFEA}.Release|Any CPU.Build.0 = Release|Any CPU
		{A3A8519C-0021-4047-9583-7E9252AF2976}.Debug|Any CPU.ActiveCfg = Debug|Any CPU
		{A3A8519C-0021-4047-9583-7E9252AF2976}.Debug|Any CPU.Build.0 = Debug|Any CPU
		{A3A8519C-0021-4047-9583-7E9252AF2976}.Release|Any CPU.ActiveCfg = Release|Any CPU
		{A3A8519C-0021-4047-9583-7E9252AF2976}.Release|Any CPU.Build.0 = Release|Any CPU
		{2EF59E31-23A7-4C90-8121-F6B933753DE8}.Debug|Any CPU.ActiveCfg = Debug|Any CPU
		{2EF59E31-23A7-4C90-8121-F6B933753DE8}.Debug|Any CPU.Build.0 = Debug|Any CPU
		{2EF59E31-23A7-4C90-8121-F6B933753DE8}.Release|Any CPU.ActiveCfg = Release|Any CPU
		{2EF59E31-23A7-4C90-8121-F6B933753DE8}.Release|Any CPU.Build.0 = Release|Any CPU
	EndGlobalSection
	GlobalSection(SolutionProperties) = preSolution
		HideSolutionNode = FALSE
	EndGlobalSection
	GlobalSection(ExtensibilityGlobals) = postSolution
		SolutionGuid = {F48195A8-0F28-4925-8F58-CB5AB75C2EAD}
	EndGlobalSection
EndGlobal
